{
  "object": {
    "pins": [
      {
        "package": "MKit",
        "repositoryURL": "https://github.com/MartinPrusa/MKit",
        "state": {
          "branch": "master",
          "revision": "e9fe90aac73b59d50e0c3ce4ce94b0721cb83e3a",
          "version": null
        }
      }
    ]
  },
  "version": 1
}
