{
  "object": {
    "pins": [
      {
        "package": "MKit",
        "repositoryURL": "https://github.com/MartinPrusa/MKit",
        "state": {
          "branch": "feature/ssl-pinning",
          "revision": "2c6588140a76408284c51510bb0532f0f75192fe",
          "version": null
        }
      }
    ]
  },
  "version": 1
}
